# This file is automatically @generated by Cargo.
# It is not intended for manual editing.
version = 3

[[package]]
name = "lc_1201"
version = "0.1.0"

[[package]]
name = "lc_1282"
version = "0.1.0"

[[package]]
name = "lc_1437"
version = "0.1.0"

[[package]]
name = "lc_144"
version = "0.1.0"

[[package]]
name = "lc_1742"
version = "0.1.0"

[[package]]
name = "lc_18"
version = "0.1.0"

[[package]]
name = "lc_1998"
version = "0.1.0"

[[package]]
name = "lc_34"
version = "0.1.0"

[[package]]
name = "lc_35"
version = "0.1.0"

[[package]]
name = "lc_41"
version = "0.1.0"

[[package]]
name = "lc_725"
version = "0.1.0"

[[package]]
name = "lc_82"
version = "0.1.0"

[[package]]
name = "lc_98"
version = "0.1.0"
